{
  "version": "4",
  "specifiers": {
    "npm:@inquirer/checkbox@*": "4.1.4",
    "npm:@inquirer/select@*": "4.1.0"
  },
  "npm": {
    "@inquirer/checkbox@4.1.4": {
      "integrity": "sha512-d30576EZdApjAMceijXA5jDzRQHT/MygbC+J8I7EqA6f/FRpYxlRtRJbHF8gHeWYeSdOuTEJqonn7QLB1ELezA==",
      "dependencies": [
        "@inquirer/core",
        "@inquirer/figures",
        "@inquirer/type",
        "ansi-escapes",
        "yoctocolors-cjs"
      ]
    },
    "@inquirer/core@10.1.9": {
      "integrity": "sha512-sXhVB8n20NYkUBfDYgizGHlpRVaCRjtuzNZA6xpALIUbkgfd2Hjz+DfEN6+h1BRnuxw0/P4jCIMjMsEOAMwAJw==",
      "dependencies": [
        "@inquirer/figures",
        "@inquirer/type",
        "ansi-escapes",
        "cli-width",
        "mute-stream",
        "signal-exit",
        "wrap-ansi",
        "yoctocolors-cjs"
      ]
    },
    "@inquirer/figures@1.0.11": {
      "integrity": "sha512-eOg92lvrn/aRUqbxRyvpEWnrvRuTYRifixHkYVpJiygTgVSBIHDqLh0SrMQXkafvULg3ck11V7xvR+zcgvpHFw=="
    },
    "@inquirer/select@4.1.0": {
      "integrity": "sha512-z0a2fmgTSRN+YBuiK1ROfJ2Nvrpij5lVN3gPDkQGhavdvIVGHGW29LwYZfM/j42Ai2hUghTI/uoBuTbrJk42bA==",
      "dependencies": [
        "@inquirer/core",
        "@inquirer/figures",
        "@inquirer/type",
        "ansi-escapes",
        "yoctocolors-cjs"
      ]
    },
    "@inquirer/type@3.0.5": {
      "integrity": "sha512-ZJpeIYYueOz/i/ONzrfof8g89kNdO2hjGuvULROo3O8rlB2CRtSseE5KeirnyE4t/thAn/EwvS/vuQeJCn+NZg=="
    },
    "ansi-escapes@4.3.2": {
      "integrity": "sha512-gKXj5ALrKWQLsYG9jlTRmR/xKluxHV+Z9QEwNIgCfM1/uwPMCuzVVnh5mwTd+OuBZcwSIMbqssNWRm1lE51QaQ==",
      "dependencies": [
        "type-fest"
      ]
    },
    "ansi-regex@5.0.1": {
      "integrity": "sha512-quJQXlTSUGL2LH9SUXo8VwsY4soanhgo6LNSm84E1LBcE8s3O0wpdiRzyR9z/ZZJMlMWv37qOOb9pdJlMUEKFQ=="
    },
    "ansi-styles@4.3.0": {
      "integrity": "sha512-zbB9rCJAT1rbjiVDb2hqKFHNYLxgtk8NURxZ3IZwD3F6NtxbXZQCnnSi1Lkx+IDohdPlFp222wVALIheZJQSEg==",
      "dependencies": [
        "color-convert"
      ]
    },
    "cli-width@4.1.0": {
      "integrity": "sha512-ouuZd4/dm2Sw5Gmqy6bGyNNNe1qt9RpmxveLSO7KcgsTnU7RXfsw+/bukWGo1abgBiMAic068rclZsO4IWmmxQ=="
    },
    "color-convert@2.0.1": {
      "integrity": "sha512-RRECPsj7iu/xb5oKYcsFHSppFNnsj/52OVTRKb4zP5onXwVF3zVmmToNcOfGC+CRDpfK/U584fMg38ZHCaElKQ==",
      "dependencies": [
        "color-name"
      ]
    },
    "color-name@1.1.4": {
      "integrity": "sha512-dOy+3AuW3a2wNbZHIuMZpTcgjGuLU/uBL/ubcZF9OXbDo8ff4O8yVp5Bf0efS8uEoYo5q4Fx7dY9OgQGXgAsQA=="
    },
    "emoji-regex@8.0.0": {
      "integrity": "sha512-MSjYzcWNOA0ewAHpz0MxpYFvwg6yjy1NG3xteoqz644VCo/RPgnr1/GGt+ic3iJTzQ8Eu3TdM14SawnVUmGE6A=="
    },
    "is-fullwidth-code-point@3.0.0": {
      "integrity": "sha512-zymm5+u+sCsSWyD9qNaejV3DFvhCKclKdizYaJUuHA83RLjb7nSuGnddCHGv0hk+KY7BMAlsWeK4Ueg6EV6XQg=="
    },
    "mute-stream@2.0.0": {
      "integrity": "sha512-WWdIxpyjEn+FhQJQQv9aQAYlHoNVdzIzUySNV1gHUPDSdZJ3yZn7pAAbQcV7B56Mvu881q9FZV+0Vx2xC44VWA=="
    },
    "signal-exit@4.1.0": {
      "integrity": "sha512-bzyZ1e88w9O1iNJbKnOlvYTrWPDl46O1bG0D3XInv+9tkPrxrN8jUUTiFlDkkmKWgn1M6CfIA13SuGqOa9Korw=="
    },
    "string-width@4.2.3": {
      "integrity": "sha512-wKyQRQpjJ0sIp62ErSZdGsjMJWsap5oRNihHhu6G7JVO/9jIB6UyevL+tXuOqrng8j/cxKTWyWUwvSTriiZz/g==",
      "dependencies": [
        "emoji-regex",
        "is-fullwidth-code-point",
        "strip-ansi"
      ]
    },
    "strip-ansi@6.0.1": {
      "integrity": "sha512-Y38VPSHcqkFrCpFnQ9vuSXmquuv5oXOKpGeT6aGrr3o3Gc9AlVa6JBfUSOCnbxGGZF+/0ooI7KrPuUSztUdU5A==",
      "dependencies": [
        "ansi-regex"
      ]
    },
    "type-fest@0.21.3": {
      "integrity": "sha512-t0rzBq87m3fVcduHDUFhKmyyX+9eo6WQjZvf51Ea/M0Q7+T374Jp1aUiyUl0GKxp8M/OETVHSDvmkyPgvX+X2w=="
    },
    "wrap-ansi@6.2.0": {
      "integrity": "sha512-r6lPcBGxZXlIcymEu7InxDMhdW0KDxpLgoFLcguasxCaJ/SOIZwINatK9KY/tf+ZrlywOKU0UDj3ATXUBfxJXA==",
      "dependencies": [
        "ansi-styles",
        "string-width",
        "strip-ansi"
      ]
    },
    "yoctocolors-cjs@2.1.2": {
      "integrity": "sha512-cYVsTjKl8b+FrnidjibDWskAv7UKOfcwaVZdp/it9n1s9fU3IkgDbhdIRKCW4JDsAlECJY0ytoVPT3sK6kideA=="
    }
  },
  "redirects": {
    "https://deno.land/x/dotenv/mod.ts": "https://deno.land/x/dotenv@v3.2.2/mod.ts",
    "https://deno.land/x/prompt/mod.ts": "https://deno.land/x/prompt@v1.0.0/mod.ts"
  },
  "remote": {
    "https://deno.land/std@0.106.0/fmt/colors.ts": "d2f8355f00a74404668fc5a1e4a92983ce1a9b0a6ac1d40efbd681cb8f519586",
    "https://deno.land/std@0.106.0/testing/_diff.ts": "5d3693155f561d1a5443ac751ac70aab9f5d67b4819a621d4b96b8a1a1c89620",
    "https://deno.land/std@0.106.0/testing/asserts.ts": "5f3a0fddb15a9733e44737e2d52be8e696bb79bc4e3830a9f246c5b8f3b29b31",
    "https://deno.land/std@0.219.1/assert/_constants.ts": "a271e8ef5a573f1df8e822a6eb9d09df064ad66a4390f21b3e31f820a38e0975",
    "https://deno.land/std@0.219.1/assert/_diff.ts": "dcc63d94ca289aec80644030cf88ccbf7acaa6fbd7b0f22add93616b36593840",
    "https://deno.land/std@0.219.1/assert/_format.ts": "0ba808961bf678437fb486b56405b6fefad2cf87b5809667c781ddee8c32aff4",
    "https://deno.land/std@0.219.1/assert/assert.ts": "bec068b2fccdd434c138a555b19a2c2393b71dfaada02b7d568a01541e67cdc5",
    "https://deno.land/std@0.219.1/assert/assert_almost_equals.ts": "8b96b7385cc117668b0720115eb6ee73d04c9bcb2f5d2344d674918c9113688f",
    "https://deno.land/std@0.219.1/assert/assert_array_includes.ts": "1688d76317fd45b7e93ef9e2765f112fdf2b7c9821016cdfb380b9445374aed1",
    "https://deno.land/std@0.219.1/assert/assert_equals.ts": "4497c56fe7d2993b0d447926702802fc0becb44e319079e8eca39b482ee01b4e",
    "https://deno.land/std@0.219.1/assert/assert_exists.ts": "24a7bf965e634f909242cd09fbaf38bde6b791128ece08e33ab08586a7cc55c9",
    "https://deno.land/std@0.219.1/assert/assert_false.ts": "6f382568e5128c0f855e5f7dbda8624c1ed9af4fcc33ef4a9afeeedcdce99769",
    "https://deno.land/std@0.219.1/assert/assert_greater.ts": "4945cf5729f1a38874d7e589e0fe5cc5cd5abe5573ca2ddca9d3791aa891856c",
    "https://deno.land/std@0.219.1/assert/assert_greater_or_equal.ts": "573ed8823283b8d94b7443eb69a849a3c369a8eb9666b2d1db50c33763a5d219",
    "https://deno.land/std@0.219.1/assert/assert_instance_of.ts": "72dc1faff1e248692d873c89382fa1579dd7b53b56d52f37f9874a75b11ba444",
    "https://deno.land/std@0.219.1/assert/assert_is_error.ts": "6596f2b5ba89ba2fe9b074f75e9318cda97a2381e59d476812e30077fbdb6ed2",
    "https://deno.land/std@0.219.1/assert/assert_less.ts": "2b4b3fe7910f65f7be52212f19c3977ecb8ba5b2d6d0a296c83cde42920bb005",
    "https://deno.land/std@0.219.1/assert/assert_less_or_equal.ts": "b93d212fe669fbde959e35b3437ac9a4468f2e6b77377e7b6ea2cfdd825d38a0",
    "https://deno.land/std@0.219.1/assert/assert_match.ts": "ec2d9680ed3e7b9746ec57ec923a17eef6d476202f339ad91d22277d7f1d16e1",
    "https://deno.land/std@0.219.1/assert/assert_not_equals.ts": "ac86413ab70ffb14fdfc41740ba579a983fe355ba0ce4a9ab685e6b8e7f6a250",
    "https://deno.land/std@0.219.1/assert/assert_not_instance_of.ts": "8f720d92d83775c40b2542a8d76c60c2d4aeddaf8713c8d11df8984af2604931",
    "https://deno.land/std@0.219.1/assert/assert_not_match.ts": "b4b7c77f146963e2b673c1ce4846473703409eb93f5ab0eb60f6e6f8aeffe39f",
    "https://deno.land/std@0.219.1/assert/assert_not_strict_equals.ts": "da0b8ab60a45d5a9371088378e5313f624799470c3b54c76e8b8abeec40a77be",
    "https://deno.land/std@0.219.1/assert/assert_object_match.ts": "e85e5eef62a56ce364c3afdd27978ccab979288a3e772e6855c270a7b118fa49",
    "https://deno.land/std@0.219.1/assert/assert_rejects.ts": "5206ac37d883797d9504e3915a0c7b692df6efcdefff3889cc14bb5a325641dd",
    "https://deno.land/std@0.219.1/assert/assert_strict_equals.ts": "0425a98f70badccb151644c902384c12771a93e65f8ff610244b8147b03a2366",
    "https://deno.land/std@0.219.1/assert/assert_string_includes.ts": "dfb072a890167146f8e5bdd6fde887ce4657098e9f71f12716ef37f35fb6f4a7",
    "https://deno.land/std@0.219.1/assert/assert_throws.ts": "31f3c061338aec2c2c33731973d58ccd4f14e42f355501541409ee958d2eb8e5",
    "https://deno.land/std@0.219.1/assert/assertion_error.ts": "9f689a101ee586c4ce92f52fa7ddd362e86434ffdf1f848e45987dc7689976b8",
    "https://deno.land/std@0.219.1/assert/equal.ts": "fae5e8a52a11d3ac694bbe1a53e13a7969e3f60791262312e91a3e741ae519e2",
    "https://deno.land/std@0.219.1/assert/fail.ts": "f310e51992bac8e54f5fd8e44d098638434b2edb802383690e0d7a9be1979f1c",
    "https://deno.land/std@0.219.1/assert/mod.ts": "7e41449e77a31fef91534379716971bebcfc12686e143d38ada5438e04d4a90e",
    "https://deno.land/std@0.219.1/assert/unimplemented.ts": "47ca67d1c6dc53abd0bd729b71a31e0825fc452dbcd4fde4ca06789d5644e7fd",
    "https://deno.land/std@0.219.1/assert/unreachable.ts": "3670816a4ab3214349acb6730e3e6f5299021234657eefe05b48092f3848c270",
    "https://deno.land/std@0.219.1/encoding/_util.ts": "beacef316c1255da9bc8e95afb1fa56ed69baef919c88dc06ae6cb7a6103d376",
    "https://deno.land/std@0.219.1/encoding/base64.ts": "b0fe5f1c55571dc9f091abc7d4830482f2f67ab4308c9c1b57071e770b7dcc74",
    "https://deno.land/std@0.219.1/fmt/colors.ts": "d239d84620b921ea520125d778947881f62c50e78deef2657073840b8af9559a",
    "https://deno.land/std@0.219.1/testing/asserts.ts": "0cb9c745d9b157bed062a4aa8647168d2221f6456c385a548b0ca24de9e0f3ca",
    "https://deno.land/std@0.59.0/_util/assert.ts": "e1f76e77c5ccb5a8e0dbbbe6cce3a56d2556c8cb5a9a8802fc9565af72462149",
    "https://deno.land/std@0.59.0/bytes/mod.ts": "b1a149ac741728db00bda9ce1a2d044f248edd5ac95e708a6cc501bfd3adb4a7",
    "https://deno.land/std@0.59.0/fmt/colors.ts": "06444b6ebc3842a4b2340d804bfa81fc5452a03513cbb81bd7f6bf8f4b8f3ac4",
    "https://deno.land/std@0.59.0/io/bufio.ts": "dd1fc575524fe8b44e128091ba0e6833be7d0966336ef12a407544440b762e17",
    "https://deno.land/std@0.99.0/encoding/base64.ts": "eecae390f1f1d1cae6f6c6d732ede5276bf4b9cd29b1d281678c054dc5cc009e",
    "https://deno.land/std@0.99.0/fmt/colors.ts": "db22b314a2ae9430ae7460ce005e0a7130e23ae1c999157e3bb77cf55800f7e4",
    "https://deno.land/std@v0.59.0/encoding/utf8.ts": "8654fa820aa69a37ec5eb11908e20b39d056c9bf1c23ab294303ff467f3d50a1",
    "https://deno.land/x/cliffy@v0.19.2/_utils/distance.ts": "02af166952c7c358ac83beae397aa2fbca4ad630aecfcd38d92edb1ea429f004",
    "https://deno.land/x/cliffy@v0.19.2/ansi/ansi_escapes.ts": "57d5e82b74b8fe2f38e9b272581b145419a100b9f657f7d087d41a0d26410e47",
    "https://deno.land/x/cliffy@v0.19.2/ansi/chain.ts": "4d0a938be0a83ff8aa35e17003c3f16ae0e3609e0994529ff50063c717031e5a",
    "https://deno.land/x/cliffy@v0.19.2/ansi/cursor_position.ts": "352abf1886cb8999887e04a59ce4e3fcfb1997b9d593ba5824fa859852c69174",
    "https://deno.land/x/cliffy@v0.19.2/ansi/deps.ts": "6a18ba12a5499a1e476ddbd452c3b31f62f46273e9c00ee49017a2d68c921747",
    "https://deno.land/x/cliffy@v0.19.2/ansi/tty.ts": "5edfecbcf6105ec93e3dbde07ee9a12fa74ccf86c10ee2ef41c8d346bc7756af",
    "https://deno.land/x/cliffy@v0.19.2/keycode/key_code.ts": "7e6b8af5858b2da891f2826b1efb591330509ba70a8e2e0fc879873111c06996",
    "https://deno.land/x/cliffy@v0.19.2/keycode/key_codes.ts": "917f0a2da0dbace08cf29bcfdaaa2257da9fe7e705fff8867d86ed69dfb08cfe",
    "https://deno.land/x/cliffy@v0.19.2/keycode/mod.ts": "292d2f295316c6e0da6955042a7b31ab2968ff09f2300541d00f05ed6c2aa2d4",
    "https://deno.land/x/cliffy@v0.19.2/prompt/_generic_input.ts": "3560f282a1dbbc4ca0d2df1bae95ceb408d9f09508bf828bd8550ab0356e1f6c",
    "https://deno.land/x/cliffy@v0.19.2/prompt/_generic_list.ts": "2dde4679db0f8430748dcf247e27a5ec69e7cfba580c41364dd0b43cce9b846b",
    "https://deno.land/x/cliffy@v0.19.2/prompt/_generic_prompt.ts": "71b8faada696ed9524698cd6d173fefaac5ffbf324015be005e93f8857338f6d",
    "https://deno.land/x/cliffy@v0.19.2/prompt/_generic_suggestions.ts": "5e76e813f88c233cccc15c351e261a669d7228bd51a1e35cac7216bc74e606fd",
    "https://deno.land/x/cliffy@v0.19.2/prompt/_utils.ts": "676cca30762656ed1a9bcb21a7254244278a23ffc591750e98a501644b6d2df3",
    "https://deno.land/x/cliffy@v0.19.2/prompt/checkbox.ts": "5c9b08ff6a900c022a296ae85e96d3f0055769590c3289be9325467213136cef",
    "https://deno.land/x/cliffy@v0.19.2/prompt/confirm.ts": "312d254c4ba589fc7e1b16591b51597016f1851379404f8194e061a1d0cfdf9e",
    "https://deno.land/x/cliffy@v0.19.2/prompt/deps.ts": "09dc47d5068dc21eec2d3e512f90813e9a6c2540377490630e25327c061da4f0",
    "https://deno.land/x/cliffy@v0.19.2/prompt/figures.ts": "1ec749060cbada501122ee0a7013482e69a52072e04fce16a3b699c4d20203eb",
    "https://deno.land/x/cliffy@v0.19.2/prompt/input.ts": "3c6acd1d7e8d35d752142fd372e747749f992c2cbacc1588f4f5885cfdd527a8",
    "https://deno.land/x/cliffy@v0.19.2/prompt/list.ts": "e2c14610ac4dadf6f7cb28af44b23bf4eb3dfc465b0f267112faaef3e0b8c3bb",
    "https://deno.land/x/cliffy@v0.19.2/prompt/mod.ts": "195aed14d10d279914eaa28c696dec404d576ca424c097a5bc2b4a7a13b66c89",
    "https://deno.land/x/cliffy@v0.19.2/prompt/number.ts": "3438a9fc05457e654140d487e83e672b2f1a3fde24597e2ccfd7abc44ab03319",
    "https://deno.land/x/cliffy@v0.19.2/prompt/prompt.ts": "8aeadba66ea8b2b9d595918b9baf91d16218ef8dc2fa2ee56e53c48b3842bc3b",
    "https://deno.land/x/cliffy@v0.19.2/prompt/secret.ts": "0d864ad11a5b22b17c8c9000ab9ddfad34a5b18fc25763440409982602013760",
    "https://deno.land/x/cliffy@v0.19.2/prompt/select.ts": "694a1d7bf060a2005bab4f2d9d3b3a4f78c41d74910cf396da8c54b27e2a975b",
    "https://deno.land/x/cliffy@v0.19.2/prompt/toggle.ts": "a5d902336d3fdfe6dbf4761ad56ba98246333b64ab5b03881c35525acdd8b5f5",
    "https://deno.land/x/dotenv@v3.2.2/mod.ts": "077b48773de9205266a0b44c3c3a3c3083449ed64bb0b6cc461b95720678d38e",
    "https://deno.land/x/dotenv@v3.2.2/util.ts": "693730877b13f8ead2b79b2aa31e2a0652862f7dc0c5f6d2f313f4d39c7b7670",
    "https://deno.land/x/prompt@v1.0.0/mod.ts": "b3097cfbebef81e501df00f215988d117732221d34c87af5cc5fbd5cd4d8fd03",
    "https://deno.land/x/prompt@v1.0.0/src/Prompt.ts": "2d506d390a050de60a83b78d0fd63d00c18c0dc996e7cee983c6a0956c2e4b00",
    "https://deno.land/x/prompt@v1.0.0/src/components/BasePromptComponent.ts": "2c54d525c7bd65395f1f0152af97a58868f1138b45d1902ccf383739b1bcfea1",
    "https://deno.land/x/prompt@v1.0.0/src/components/ConfirmComponent.ts": "ee35df743c0ffb78f480259646d8c28ee0b22ea99d8ad1d75117450bf02db0a7",
    "https://deno.land/x/prompt@v1.0.0/src/components/NumberComponent.ts": "e30534ecb0855bce5b7afe004b980b690bd7d95c2761b83cb2f2d782105dec48",
    "https://deno.land/x/prompt@v1.0.0/src/components/TextComponent.ts": "34f0b062c307d623d1041750ea9000c376a79120b793ca1ccf6d9c26854c9d21",
    "https://deno.land/x/prompt@v1.0.0/src/deps.ts": "8220298d16d2f8a599a9b8bbcc215b9085de6a1193e780fbc2597108d35cdc52",
    "https://deno.land/x/prompt@v1.0.0/src/errors/NoSuchPromptComponentError.ts": "4c19d954fade934f362ce0011cba9f3f5ce1595b2b3f991307ed696b525556be",
    "https://deno.land/x/prompt@v1.0.0/src/errors/PromptError.ts": "0bca93e3d36bc1f733744d671726ea8ea7c7ac8a34a373f852f9d66d1aff76e4",
    "https://deno.land/x/prompt@v1.0.0/src/errors/PromptRequiredError.ts": "d70413e47daa80c895b74fb64d2fcfa8e92f62f23481cb01aeaa87d521b5a2a4",
    "https://deno.land/x/prompt@v1.0.0/src/models/CursorActionWords.ts": "4548a0c9c82a7eba67ce8fbd736a14cd26348eece53ffabcfab2b653b9eccad7",
    "https://deno.land/x/prompt@v1.0.0/src/models/PromptAnswers.ts": "f3212ec064fe474249330d7ae9ec2cac5f6442e73e24183dd5f812189f6f9f2e",
    "https://deno.land/x/prompt@v1.0.0/src/models/PromptParams.ts": "b9356004a386b049bb62c0e1c5fc9cfb1f6935c589ab92939995e7a228b08495",
    "https://deno.land/x/prompt@v1.0.0/src/utils/ConsoleHelper.ts": "b2d56d347af8122790c91ccfe0c111fd85a1bcf8b2bc4872e961708f10d280cd",
    "https://deno.land/x/prompt@v1.0.0/src/utils/StringUtil.ts": "7e56929b01bc7ce128da84836237a776e3389b09c55758b2758c499347fbba01"
  },
  "workspace": {
    "dependencies": [
      "jsr:@std/assert@1"
    ]
  }
}
